
Microsoft Visual Studio Solution File, Format Version 12.00
# Visual Studio Version 16
VisualStudioVersion = 16.0.28803.202
MinimumVisualStudioVersion = 10.0.40219.1
Project("{FAE04EC0-301F-11D3-BF4B-00C04F79EFBC}") = "ConsoleGame", "ConsoleGame\ConsoleGame.csproj", "{889FF37B-537A-49EB-B4DC-FC89E42F4506}"
EndProject
Project("{FAE04EC0-301F-11D3-BF4B-00C04F79EFBC}") = "Test", "Test\Test.csproj", "{B37A442A-A1D0-4F98-90E5-18F4273B0D16}"
EndProject
Global
	GlobalSection(SolutionConfigurationPlatforms) = preSolution
		Debug|Any CPU = Debug|Any CPU
		Release|Any CPU = Release|Any CPU
	EndGlobalSection
	GlobalSection(ProjectConfigurationPlatforms) = postSolution
		{889FF37B-537A-49EB-B4DC-FC89E42F4506}.Debug|Any CPU.ActiveCfg = Debug|Any CPU
		{889FF37B-537A-49EB-B4DC-FC89E42F4506}.Debug|Any CPU.Build.0 = Debug|Any CPU
		{889FF37B-537A-49EB-B4DC-FC89E42F4506}.Release|Any CPU.ActiveCfg = Release|Any CPU
		{889FF37B-537A-49EB-B4DC-FC89E42F4506}.Release|Any CPU.Build.0 = Release|Any CPU
		{B37A442A-A1D0-4F98-90E5-18F4273B0D16}.Debug|Any CPU.ActiveCfg = Debug|Any CPU
		{B37A442A-A1D0-4F98-90E5-18F4273B0D16}.Debug|Any CPU.Build.0 = Debug|Any CPU
		{B37A442A-A1D0-4F98-90E5-18F4273B0D16}.Release|Any CPU.ActiveCfg = Release|Any CPU
		{B37A442A-A1D0-4F98-90E5-18F4273B0D16}.Release|Any CPU.Build.0 = Release|Any CPU
	EndGlobalSection
	GlobalSection(SolutionProperties) = preSolution
		HideSolutionNode = FALSE
	EndGlobalSection
	GlobalSection(ExtensibilityGlobals) = postSolution
		SolutionGuid = {9F61E1AE-96C4-457C-BACB-8301B5764B1C}
	EndGlobalSection
EndGlobal
